// !$*UTF8*$!
{
	archiveVersion = 1;
	classes = {
	};
	objectVersion = 50;
	objects = {

/* Begin PBXBuildFile section */
		80CFD2BD269F8CA7009790A2 /* DrawingGroupHighPerformance.swift in Sources */ = {isa = PBXBuildFile; fileRef = 80CFD2BC269F8CA7009790A2 /* DrawingGroupHighPerformance.swift */; };
		80CFD2BF269F9614009790A2 /* SpecialEffects.swift in Sources */ = {isa = PBXBuildFile; fileRef = 80CFD2BE269F9614009790A2 /* SpecialEffects.swift */; };
		80CFD2C1269F9C9B009790A2 /* AnimatableDataExample.swift in Sources */ = {isa = PBXBuildFile; fileRef = 80CFD2C0269F9C9B009790A2 /* AnimatableDataExample.swift */; };
		80CFD2C326A23F2C009790A2 /* AnimatablePair1.swift in Sources */ = {isa = PBXBuildFile; fileRef = 80CFD2C226A23F2C009790A2 /* AnimatablePair1.swift */; };
		80CFD2C526A24A8A009790A2 /* CreatingSpirograph.swift in Sources */ = {isa = PBXBuildFile; fileRef = 80CFD2C426A24A8A009790A2 /* CreatingSpirograph.swift */; };
		80F96141269CC36100077E57 /* DrawingApp.swift in Sources */ = {isa = PBXBuildFile; fileRef = 80F96140269CC36100077E57 /* DrawingApp.swift */; };
		80F96143269CC36100077E57 /* ContentView.swift in Sources */ = {isa = PBXBuildFile; fileRef = 80F96142269CC36100077E57 /* ContentView.swift */; };
		80F96145269CC36300077E57 /* Assets.xcassets in Resources */ = {isa = PBXBuildFile; fileRef = 80F96144269CC36300077E57 /* Assets.xcassets */; };
		80F96148269CC36300077E57 /* Preview Assets.xcassets in Resources */ = {isa = PBXBuildFile; fileRef = 80F96147269CC36300077E57 /* Preview Assets.xcassets */; };
		80F96151269EA5E300077E57 /* CreatingCustomPaths.swift in Sources */ = {isa = PBXBuildFile; fileRef = 80F96150269EA5E300077E57 /* CreatingCustomPaths.swift */; };
		80F96153269EA85B00077E57 /* PathsVSShapes.swift in Sources */ = {isa = PBXBuildFile; fileRef = 80F96152269EA85B00077E57 /* PathsVSShapes.swift */; };
		80F96155269EAD0400077E57 /* StrokeBorderAndInsettableShape.swift in Sources */ = {isa = PBXBuildFile; fileRef = 80F96154269EAD0400077E57 /* StrokeBorderAndInsettableShape.swift */; };
		80F96157269EB01200077E57 /* CGAffineTransformAndEvenOddFills.swift in Sources */ = {isa = PBXBuildFile; fileRef = 80F96156269EB01200077E57 /* CGAffineTransformAndEvenOddFills.swift */; };
		80F96159269EB57000077E57 /* ImagePaint.swift in Sources */ = {isa = PBXBuildFile; fileRef = 80F96158269EB57000077E57 /* ImagePaint.swift */; };
/* End PBXBuildFile section */

/* Begin PBXFileReference section */
		80CFD2BC269F8CA7009790A2 /* DrawingGroupHighPerformance.swift */ = {isa = PBXFileReference; lastKnownFileType = sourcecode.swift; path = DrawingGroupHighPerformance.swift; sourceTree = "<group>"; };
		80CFD2BE269F9614009790A2 /* SpecialEffects.swift */ = {isa = PBXFileReference; lastKnownFileType = sourcecode.swift; path = SpecialEffects.swift; sourceTree = "<group>"; };
		80CFD2C0269F9C9B009790A2 /* AnimatableDataExample.swift */ = {isa = PBXFileReference; lastKnownFileType = sourcecode.swift; path = AnimatableDataExample.swift; sourceTree = "<group>"; };
		80CFD2C226A23F2C009790A2 /* AnimatablePair1.swift */ = {isa = PBXFileReference; lastKnownFileType = sourcecode.swift; path = AnimatablePair1.swift; sourceTree = "<group>"; };
		80CFD2C426A24A8A009790A2 /* CreatingSpirograph.swift */ = {isa = PBXFileReference; lastKnownFileType = sourcecode.swift; path = CreatingSpirograph.swift; sourceTree = "<group>"; };
		80F9613D269CC36100077E57 /* Drawing.app */ = {isa = PBXFileReference; explicitFileType = wrapper.application; includeInIndex = 0; path = Drawing.app; sourceTree = BUILT_PRODUCTS_DIR; };
		80F96140269CC36100077E57 /* DrawingApp.swift */ = {isa = PBXFileReference; lastKnownFileType = sourcecode.swift; path = DrawingApp.swift; sourceTree = "<group>"; };
		80F96142269CC36100077E57 /* ContentView.swift */ = {isa = PBXFileReference; lastKnownFileType = sourcecode.swift; path = ContentView.swift; sourceTree = "<group>"; };
		80F96144269CC36300077E57 /* Assets.xcassets */ = {isa = PBXFileReference; lastKnownFileType = folder.assetcatalog; path = Assets.xcassets; sourceTree = "<group>"; };
		80F96147269CC36300077E57 /* Preview Assets.xcassets */ = {isa = PBXFileReference; lastKnownFileType = folder.assetcatalog; path = "Preview Assets.xcassets"; sourceTree = "<group>"; };
		80F96149269CC36300077E57 /* Info.plist */ = {isa = PBXFileReference; lastKnownFileType = text.plist.xml; path = Info.plist; sourceTree = "<group>"; };
		80F96150269EA5E300077E57 /* CreatingCustomPaths.swift */ = {isa = PBXFileReference; lastKnownFileType = sourcecode.swift; path = CreatingCustomPaths.swift; sourceTree = "<group>"; };
		80F96152269EA85B00077E57 /* PathsVSShapes.swift */ = {isa = PBXFileReference; lastKnownFileType = sourcecode.swift; path = PathsVSShapes.swift; sourceTree = "<group>"; };
		80F96154269EAD0400077E57 /* StrokeBorderAndInsettableShape.swift */ = {isa = PBXFileReference; lastKnownFileType = sourcecode.swift; path = StrokeBorderAndInsettableShape.swift; sourceTree = "<group>"; };
		80F96156269EB01200077E57 /* CGAffineTransformAndEvenOddFills.swift */ = {isa = PBXFileReference; lastKnownFileType = sourcecode.swift; path = CGAffineTransformAndEvenOddFills.swift; sourceTree = "<group>"; };
		80F96158269EB57000077E57 /* ImagePaint.swift */ = {isa = PBXFileReference; lastKnownFileType = sourcecode.swift; path = ImagePaint.swift; sourceTree = "<group>"; };
/* End PBXFileReference section */

/* Begin PBXFrameworksBuildPhase section */
		80F9613A269CC36100077E57 /* Frameworks */ = {
			isa = PBXFrameworksBuildPhase;
			buildActionMask = 2147483647;
			files = (
			);
			runOnlyForDeploymentPostprocessing = 0;
		};
/* End PBXFrameworksBuildPhase section */

/* Begin PBXGroup section */
		80F96134269CC36100077E57 = {
			isa = PBXGroup;
			children = (
				80F9613F269CC36100077E57 /* Drawing */,
				80F9613E269CC36100077E57 /* Products */,
			);
			sourceTree = "<group>";
		};
		80F9613E269CC36100077E57 /* Products */ = {
			isa = PBXGroup;
			children = (
				80F9613D269CC36100077E57 /* Drawing.app */,
			);
			name = Products;
			sourceTree = "<group>";
		};
		80F9613F269CC36100077E57 /* Drawing */ = {
			isa = PBXGroup;
			children = (
				80F9614F269EA5BE00077E57 /* Theory  */,
				80F96140269CC36100077E57 /* DrawingApp.swift */,
				80F96142269CC36100077E57 /* ContentView.swift */,
				80F96144269CC36300077E57 /* Assets.xcassets */,
				80F96149269CC36300077E57 /* Info.plist */,
				80F96146269CC36300077E57 /* Preview Content */,
			);
			path = Drawing;
			sourceTree = "<group>";
		};
		80F96146269CC36300077E57 /* Preview Content */ = {
			isa = PBXGroup;
			children = (
				80F96147269CC36300077E57 /* Preview Assets.xcassets */,
			);
			path = "Preview Content";
			sourceTree = "<group>";
		};
		80F9614F269EA5BE00077E57 /* Theory  */ = {
			isa = PBXGroup;
			children = (
				80F96150269EA5E300077E57 /* CreatingCustomPaths.swift */,
				80F96152269EA85B00077E57 /* PathsVSShapes.swift */,
				80F96154269EAD0400077E57 /* StrokeBorderAndInsettableShape.swift */,
				80F96156269EB01200077E57 /* CGAffineTransformAndEvenOddFills.swift */,
				80F96158269EB57000077E57 /* ImagePaint.swift */,
				80CFD2BC269F8CA7009790A2 /* DrawingGroupHighPerformance.swift */,
				80CFD2BE269F9614009790A2 /* SpecialEffects.swift */,
				80CFD2C0269F9C9B009790A2 /* AnimatableDataExample.swift */,
				80CFD2C226A23F2C009790A2 /* AnimatablePair1.swift */,
				80CFD2C426A24A8A009790A2 /* CreatingSpirograph.swift */,
			);
			path = "Theory ";
			sourceTree = "<group>";
		};
/* End PBXGroup section */

/* Begin PBXNativeTarget section */
		80F9613C269CC36100077E57 /* Drawing */ = {
			isa = PBXNativeTarget;
			buildConfigurationList = 80F9614C269CC36300077E57 /* Build configuration list for PBXNativeTarget "Drawing" */;
			buildPhases = (
				80F96139269CC36100077E57 /* Sources */,
				80F9613A269CC36100077E57 /* Frameworks */,
				80F9613B269CC36100077E57 /* Resources */,
			);
			buildRules = (
			);
			dependencies = (
			);
			name = Drawing;
			productName = Drawing;
			productReference = 80F9613D269CC36100077E57 /* Drawing.app */;
			productType = "com.apple.product-type.application";
		};
/* End PBXNativeTarget section */

/* Begin PBXProject section */
		80F96135269CC36100077E57 /* Project object */ = {
			isa = PBXProject;
			attributes = {
				LastSwiftUpdateCheck = 1250;
				LastUpgradeCheck = 1250;
				TargetAttributes = {
					80F9613C269CC36100077E57 = {
						CreatedOnToolsVersion = 12.5.1;
					};
				};
			};
			buildConfigurationList = 80F96138269CC36100077E57 /* Build configuration list for PBXProject "Drawing" */;
			compatibilityVersion = "Xcode 9.3";
			developmentRegion = en;
			hasScannedForEncodings = 0;
			knownRegions = (
				en,
				Base,
			);
			mainGroup = 80F96134269CC36100077E57;
			productRefGroup = 80F9613E269CC36100077E57 /* Products */;
			projectDirPath = "";
			projectRoot = "";
			targets = (
				80F9613C269CC36100077E57 /* Drawing */,
			);
		};
/* End PBXProject section */

/* Begin PBXResourcesBuildPhase section */
		80F9613B269CC36100077E57 /* Resources */ = {
			isa = PBXResourcesBuildPhase;
			buildActionMask = 2147483647;
			files = (
				80F96148269CC36300077E57 /* Preview Assets.xcassets in Resources */,
				80F96145269CC36300077E57 /* Assets.xcassets in Resources */,
			);
			runOnlyForDeploymentPostprocessing = 0;
		};
/* End PBXResourcesBuildPhase section */

/* Begin PBXSourcesBuildPhase section */
		80F96139269CC36100077E57 /* Sources */ = {
			isa = PBXSourcesBuildPhase;
			buildActionMask = 2147483647;
			files = (
				80F96159269EB57000077E57 /* ImagePaint.swift in Sources */,
				80F96151269EA5E300077E57 /* CreatingCustomPaths.swift in Sources */,
				80F96143269CC36100077E57 /* ContentView.swift in Sources */,
				80CFD2C526A24A8A009790A2 /* CreatingSpirograph.swift in Sources */,
				80F96155269EAD0400077E57 /* StrokeBorderAndInsettableShape.swift in Sources */,
				80F96141269CC36100077E57 /* DrawingApp.swift in Sources */,
				80CFD2BF269F9614009790A2 /* SpecialEffects.swift in Sources */,
				80CFD2BD269F8CA7009790A2 /* DrawingGroupHighPerformance.swift in Sources */,
				80CFD2C326A23F2C009790A2 /* AnimatablePair1.swift in Sources */,
				80F96157269EB01200077E57 /* CGAffineTransformAndEvenOddFills.swift in Sources */,
				80F96153269EA85B00077E57 /* PathsVSShapes.swift in Sources */,
				80CFD2C1269F9C9B009790A2 /* AnimatableDataExample.swift in Sources */,
			);
			runOnlyForDeploymentPostprocessing = 0;
		};
/* End PBXSourcesBuildPhase section */

/* Begin XCBuildConfiguration section */
		80F9614A269CC36300077E57 /* Debug */ = {
			isa = XCBuildConfiguration;
			buildSettings = {
				ALWAYS_SEARCH_USER_PATHS = NO;
				CLANG_ANALYZER_NONNULL = YES;
				CLANG_ANALYZER_NUMBER_OBJECT_CONVERSION = YES_AGGRESSIVE;
				CLANG_CXX_LANGUAGE_STANDARD = "gnu++14";
				CLANG_CXX_LIBRARY = "libc++";
				CLANG_ENABLE_MODULES = YES;
				CLANG_ENABLE_OBJC_ARC = YES;
				CLANG_ENABLE_OBJC_WEAK = YES;
				CLANG_WARN_BLOCK_CAPTURE_AUTORELEASING = YES;
				CLANG_WARN_BOOL_CONVERSION = YES;
				CLANG_WARN_COMMA = YES;
				CLANG_WARN_CONSTANT_CONVERSION = YES;
				CLANG_WARN_DEPRECATED_OBJC_IMPLEMENTATIONS = YES;
				CLANG_WARN_DIRECT_OBJC_ISA_USAGE = YES_ERROR;
				CLANG_WARN_DOCUMENTATION_COMMENTS = YES;
				CLANG_WARN_EMPTY_BODY = YES;
				CLANG_WARN_ENUM_CONVERSION = YES;
				CLANG_WARN_INFINITE_RECURSION = YES;
				CLANG_WARN_INT_CONVERSION = YES;
				CLANG_WARN_NON_LITERAL_NULL_CONVERSION = YES;
				CLANG_WARN_OBJC_IMPLICIT_RETAIN_SELF = YES;
				CLANG_WARN_OBJC_LITERAL_CONVERSION = YES;
				CLANG_WARN_OBJC_ROOT_CLASS = YES_ERROR;
				CLANG_WARN_QUOTED_INCLUDE_IN_FRAMEWORK_HEADER = YES;
				CLANG_WARN_RANGE_LOOP_ANALYSIS = YES;
				CLANG_WARN_STRICT_PROTOTYPES = YES;
				CLANG_WARN_SUSPICIOUS_MOVE = YES;
				CLANG_WARN_UNGUARDED_AVAILABILITY = YES_AGGRESSIVE;
				CLANG_WARN_UNREACHABLE_CODE = YES;
				CLANG_WARN__DUPLICATE_METHOD_MATCH = YES;
				COPY_PHASE_STRIP = NO;
				DEBUG_INFORMATION_FORMAT = dwarf;
				ENABLE_STRICT_OBJC_MSGSEND = YES;
				ENABLE_TESTABILITY = YES;
				GCC_C_LANGUAGE_STANDARD = gnu11;
				GCC_DYNAMIC_NO_PIC = NO;
				GCC_NO_COMMON_BLOCKS = YES;
				GCC_OPTIMIZATION_LEVEL = 0;
				GCC_PREPROCESSOR_DEFINITIONS = (
					"DEBUG=1",
					"$(inherited)",
				);
				GCC_WARN_64_TO_32_BIT_CONVERSION = YES;
				GCC_WARN_ABOUT_RETURN_TYPE = YES_ERROR;
				GCC_WARN_UNDECLARED_SELECTOR = YES;
				GCC_WARN_UNINITIALIZED_AUTOS = YES_AGGRESSIVE;
				GCC_WARN_UNUSED_FUNCTION = YES;
				GCC_WARN_UNUSED_VARIABLE = YES;
				IPHONEOS_DEPLOYMENT_TARGET = 14.5;
				MTL_ENABLE_DEBUG_INFO = INCLUDE_SOURCE;
				MTL_FAST_MATH = YES;
				ONLY_ACTIVE_ARCH = YES;
				SDKROOT = iphoneos;
				SWIFT_ACTIVE_COMPILATION_CONDITIONS = DEBUG;
				SWIFT_OPTIMIZATION_LEVEL = "-Onone";
			};
			name = Debug;
		};
		80F9614B269CC36300077E57 /* Release */ = {
			isa = XCBuildConfiguration;
			buildSettings = {
				ALWAYS_SEARCH_USER_PATHS = NO;
				CLANG_ANALYZER_NONNULL = YES;
				CLANG_ANALYZER_NUMBER_OBJECT_CONVERSION = YES_AGGRESSIVE;
				CLANG_CXX_LANGUAGE_STANDARD = "gnu++14";
				CLANG_CXX_LIBRARY = "libc++";
				CLANG_ENABLE_MODULES = YES;
				CLANG_ENABLE_OBJC_ARC = YES;
				CLANG_ENABLE_OBJC_WEAK = YES;
				CLANG_WARN_BLOCK_CAPTURE_AUTORELEASING = YES;
				CLANG_WARN_BOOL_CONVERSION = YES;
				CLANG_WARN_COMMA = YES;
				CLANG_WARN_CONSTANT_CONVERSION = YES;
				CLANG_WARN_DEPRECATED_OBJC_IMPLEMENTATIONS = YES;
				CLANG_WARN_DIRECT_OBJC_ISA_USAGE = YES_ERROR;
				CLANG_WARN_DOCUMENTATION_COMMENTS = YES;
				CLANG_WARN_EMPTY_BODY = YES;
				CLANG_WARN_ENUM_CONVERSION = YES;
				CLANG_WARN_INFINITE_RECURSION = YES;
				CLANG_WARN_INT_CONVERSION = YES;
				CLANG_WARN_NON_LITERAL_NULL_CONVERSION = YES;
				CLANG_WARN_OBJC_IMPLICIT_RETAIN_SELF = YES;
				CLANG_WARN_OBJC_LITERAL_CONVERSION = YES;
				CLANG_WARN_OBJC_ROOT_CLASS = YES_ERROR;
				CLANG_WARN_QUOTED_INCLUDE_IN_FRAMEWORK_HEADER = YES;
				CLANG_WARN_RANGE_LOOP_ANALYSIS = YES;
				CLANG_WARN_STRICT_PROTOTYPES = YES;
				CLANG_WARN_SUSPICIOUS_MOVE = YES;
				CLANG_WARN_UNGUARDED_AVAILABILITY = YES_AGGRESSIVE;
				CLANG_WARN_UNREACHABLE_CODE = YES;
				CLANG_WARN__DUPLICATE_METHOD_MATCH = YES;
				COPY_PHASE_STRIP = NO;
				DEBUG_INFORMATION_FORMAT = "dwarf-with-dsym";
				ENABLE_NS_ASSERTIONS = NO;
				ENABLE_STRICT_OBJC_MSGSEND = YES;
				GCC_C_LANGUAGE_STANDARD = gnu11;
				GCC_NO_COMMON_BLOCKS = YES;
				GCC_WARN_64_TO_32_BIT_CONVERSION = YES;
				GCC_WARN_ABOUT_RETURN_TYPE = YES_ERROR;
				GCC_WARN_UNDECLARED_SELECTOR = YES;
				GCC_WARN_UNINITIALIZED_AUTOS = YES_AGGRESSIVE;
				GCC_WARN_UNUSED_FUNCTION = YES;
				GCC_WARN_UNUSED_VARIABLE = YES;
				IPHONEOS_DEPLOYMENT_TARGET = 14.5;
				MTL_ENABLE_DEBUG_INFO = NO;
				MTL_FAST_MATH = YES;
				SDKROOT = iphoneos;
				SWIFT_COMPILATION_MODE = wholemodule;
				SWIFT_OPTIMIZATION_LEVEL = "-O";
				VALIDATE_PRODUCT = YES;
			};
			name = Release;
		};
		80F9614D269CC36300077E57 /* Debug */ = {
			isa = XCBuildConfiguration;
			buildSettings = {
				ASSETCATALOG_COMPILER_APPICON_NAME = AppIcon;
				ASSETCATALOG_COMPILER_GLOBAL_ACCENT_COLOR_NAME = AccentColor;
				CODE_SIGN_STYLE = Automatic;
				DEVELOPMENT_ASSET_PATHS = "\"Drawing/Preview Content\"";
				DEVELOPMENT_TEAM = G779QJ727X;
				ENABLE_PREVIEWS = YES;
				INFOPLIST_FILE = Drawing/Info.plist;
				IPHONEOS_DEPLOYMENT_TARGET = 14.0;
				LD_RUNPATH_SEARCH_PATHS = (
					"$(inherited)",
					"@executable_path/Frameworks",
				);
				PRODUCT_BUNDLE_IDENTIFIER = com.SergioSepulveda.Drawing;
				PRODUCT_NAME = "$(TARGET_NAME)";
				SWIFT_VERSION = 5.0;
				TARGETED_DEVICE_FAMILY = "1,2";
			};
			name = Debug;
		};
		80F9614E269CC36300077E57 /* Release */ = {
			isa = XCBuildConfiguration;
			buildSettings = {
				ASSETCATALOG_COMPILER_APPICON_NAME = AppIcon;
				ASSETCATALOG_COMPILER_GLOBAL_ACCENT_COLOR_NAME = AccentColor;
				CODE_SIGN_STYLE = Automatic;
				DEVELOPMENT_ASSET_PATHS = "\"Drawing/Preview Content\"";
				DEVELOPMENT_TEAM = G779QJ727X;
				ENABLE_PREVIEWS = YES;
				INFOPLIST_FILE = Drawing/Info.plist;
				IPHONEOS_DEPLOYMENT_TARGET = 14.0;
				LD_RUNPATH_SEARCH_PATHS = (
					"$(inherited)",
					"@executable_path/Frameworks",
				);
				PRODUCT_BUNDLE_IDENTIFIER = com.SergioSepulveda.Drawing;
				PRODUCT_NAME = "$(TARGET_NAME)";
				SWIFT_VERSION = 5.0;
				TARGETED_DEVICE_FAMILY = "1,2";
			};
			name = Release;
		};
/* End XCBuildConfiguration section */

/* Begin XCConfigurationList section */
		80F96138269CC36100077E57 /* Build configuration list for PBXProject "Drawing" */ = {
			isa = XCConfigurationList;
			buildConfigurations = (
				80F9614A269CC36300077E57 /* Debug */,
				80F9614B269CC36300077E57 /* Release */,
			);
			defaultConfigurationIsVisible = 0;
			defaultConfigurationName = Release;
		};
		80F9614C269CC36300077E57 /* Build configuration list for PBXNativeTarget "Drawing" */ = {
			isa = XCConfigurationList;
			buildConfigurations = (
				80F9614D269CC36300077E57 /* Debug */,
				80F9614E269CC36300077E57 /* Release */,
			);
			defaultConfigurationIsVisible = 0;
			defaultConfigurationName = Release;
		};
/* End XCConfigurationList section */
	};
	rootObject = 80F96135269CC36100077E57 /* Project object */;
}
